// !$*UTF8*$!
{
	archiveVersion = 1;
	classes = {
	};
	objectVersion = 46;
	objects = {

/* Begin PBXBuildFile section */
		BB20D9171A18539100E05DE5 /* ElBackground.png in Resources */ = {isa = PBXBuildFile; fileRef = BB20D9161A18539100E05DE5 /* ElBackground.png */; };
		BBA056321A180ABE006F9F9F /* AppDelegate.swift in Sources */ = {isa = PBXBuildFile; fileRef = BBA056311A180ABE006F9F9F /* AppDelegate.swift */; };
		BBA056341A180ABE006F9F9F /* ViewController.swift in Sources */ = {isa = PBXBuildFile; fileRef = BBA056331A180ABE006F9F9F /* ViewController.swift */; };
		BBA056371A180ABE006F9F9F /* Main.storyboard in Resources */ = {isa = PBXBuildFile; fileRef = BBA056351A180ABE006F9F9F /* Main.storyboard */; };
		BBA056391A180ABE006F9F9F /* Images.xcassets in Resources */ = {isa = PBXBuildFile; fileRef = BBA056381A180ABE006F9F9F /* Images.xcassets */; };
		BBA0563C1A180ABE006F9F9F /* LaunchScreen.xib in Resources */ = {isa = PBXBuildFile; fileRef = BBA0563A1A180ABE006F9F9F /* LaunchScreen.xib */; };
		BBA056481A180ABF006F9F9F /* ElsaurusTests.swift in Sources */ = {isa = PBXBuildFile; fileRef = BBA056471A180ABF006F9F9F /* ElsaurusTests.swift */; };
/* End PBXBuildFile section */

/* Begin PBXContainerItemProxy section */
		BBA056421A180ABF006F9F9F /* PBXContainerItemProxy */ = {
			isa = PBXContainerItemProxy;
			containerPortal = BBA056241A180ABE006F9F9F /* Project object */;
			proxyType = 1;
			remoteGlobalIDString = BBA0562B1A180ABE006F9F9F;
			remoteInfo = Elsaurus;
		};
/* End PBXContainerItemProxy section */

/* Begin PBXFileReference section */
		BB20D9161A18539100E05DE5 /* ElBackground.png */ = {isa = PBXFileReference; lastKnownFileType = image.png; path = ElBackground.png; sourceTree = "<group>"; };
		BBA0562C1A180ABE006F9F9F /* Elsaurus.app */ = {isa = PBXFileReference; explicitFileType = wrapper.application; includeInIndex = 0; path = Elsaurus.app; sourceTree = BUILT_PRODUCTS_DIR; };
		BBA056301A180ABE006F9F9F /* Info.plist */ = {isa = PBXFileReference; lastKnownFileType = text.plist.xml; path = Info.plist; sourceTree = "<group>"; };
		BBA056311A180ABE006F9F9F /* AppDelegate.swift */ = {isa = PBXFileReference; lastKnownFileType = sourcecode.swift; path = AppDelegate.swift; sourceTree = "<group>"; };
		BBA056331A180ABE006F9F9F /* ViewController.swift */ = {isa = PBXFileReference; lastKnownFileType = sourcecode.swift; path = ViewController.swift; sourceTree = "<group>"; };
		BBA056361A180ABE006F9F9F /* Base */ = {isa = PBXFileReference; lastKnownFileType = file.storyboard; name = Base; path = Base.lproj/Main.storyboard; sourceTree = "<group>"; };
		BBA056381A180ABE006F9F9F /* Images.xcassets */ = {isa = PBXFileReference; lastKnownFileType = folder.assetcatalog; path = Images.xcassets; sourceTree = "<group>"; };
		BBA0563B1A180ABE006F9F9F /* Base */ = {isa = PBXFileReference; lastKnownFileType = file.xib; name = Base; path = Base.lproj/LaunchScreen.xib; sourceTree = "<group>"; };
		BBA056411A180ABF006F9F9F /* ElsaurusTests.xctest */ = {isa = PBXFileReference; explicitFileType = wrapper.cfbundle; includeInIndex = 0; path = ElsaurusTests.xctest; sourceTree = BUILT_PRODUCTS_DIR; };
		BBA056461A180ABF006F9F9F /* Info.plist */ = {isa = PBXFileReference; lastKnownFileType = text.plist.xml; path = Info.plist; sourceTree = "<group>"; };
		BBA056471A180ABF006F9F9F /* ElsaurusTests.swift */ = {isa = PBXFileReference; lastKnownFileType = sourcecode.swift; path = ElsaurusTests.swift; sourceTree = "<group>"; };
/* End PBXFileReference section */

/* Begin PBXFrameworksBuildPhase section */
		BBA056291A180ABE006F9F9F /* Frameworks */ = {
			isa = PBXFrameworksBuildPhase;
			buildActionMask = 2147483647;
			files = (
			);
			runOnlyForDeploymentPostprocessing = 0;
		};
		BBA0563E1A180ABF006F9F9F /* Frameworks */ = {
			isa = PBXFrameworksBuildPhase;
			buildActionMask = 2147483647;
			files = (
			);
			runOnlyForDeploymentPostprocessing = 0;
		};
/* End PBXFrameworksBuildPhase section */

/* Begin PBXGroup section */
		BBA056231A180ABE006F9F9F = {
			isa = PBXGroup;
			children = (
				BBA0562E1A180ABE006F9F9F /* Elsaurus */,
				BBA056441A180ABF006F9F9F /* ElsaurusTests */,
				BBA0562D1A180ABE006F9F9F /* Products */,
			);
			sourceTree = "<group>";
		};
		BBA0562D1A180ABE006F9F9F /* Products */ = {
			isa = PBXGroup;
			children = (
				BBA0562C1A180ABE006F9F9F /* Elsaurus.app */,
				BBA056411A180ABF006F9F9F /* ElsaurusTests.xctest */,
			);
			name = Products;
			sourceTree = "<group>";
		};
		BBA0562E1A180ABE006F9F9F /* Elsaurus */ = {
			isa = PBXGroup;
			children = (
				BBA056311A180ABE006F9F9F /* AppDelegate.swift */,
				BBA056331A180ABE006F9F9F /* ViewController.swift */,
				BBA056351A180ABE006F9F9F /* Main.storyboard */,
				BBA056381A180ABE006F9F9F /* Images.xcassets */,
				BBA0563A1A180ABE006F9F9F /* LaunchScreen.xib */,
				BB20D9161A18539100E05DE5 /* ElBackground.png */,
				BBA0562F1A180ABE006F9F9F /* Supporting Files */,
			);
			path = Elsaurus;
			sourceTree = "<group>";
		};
		BBA0562F1A180ABE006F9F9F /* Supporting Files */ = {
			isa = PBXGroup;
			children = (
				BBA056301A180ABE006F9F9F /* Info.plist */,
			);
			name = "Supporting Files";
			sourceTree = "<group>";
		};
		BBA056441A180ABF006F9F9F /* ElsaurusTests */ = {
			isa = PBXGroup;
			children = (
				BBA056471A180ABF006F9F9F /* ElsaurusTests.swift */,
				BBA056451A180ABF006F9F9F /* Supporting Files */,
			);
			path = ElsaurusTests;
			sourceTree = "<group>";
		};
		BBA056451A180ABF006F9F9F /* Supporting Files */ = {
			isa = PBXGroup;
			children = (
				BBA056461A180ABF006F9F9F /* Info.plist */,
			);
			name = "Supporting Files";
			sourceTree = "<group>";
		};
/* End PBXGroup section */

/* Begin PBXNativeTarget section */
		BBA0562B1A180ABE006F9F9F /* Elsaurus */ = {
			isa = PBXNativeTarget;
			buildConfigurationList = BBA0564B1A180ABF006F9F9F /* Build configuration list for PBXNativeTarget "Elsaurus" */;
			buildPhases = (
				BBA056281A180ABE006F9F9F /* Sources */,
				BBA056291A180ABE006F9F9F /* Frameworks */,
				BBA0562A1A180ABE006F9F9F /* Resources */,
			);
			buildRules = (
			);
			dependencies = (
			);
			name = Elsaurus;
			productName = Elsaurus;
			productReference = BBA0562C1A180ABE006F9F9F /* Elsaurus.app */;
			productType = "com.apple.product-type.application";
		};
		BBA056401A180ABF006F9F9F /* ElsaurusTests */ = {
			isa = PBXNativeTarget;
			buildConfigurationList = BBA0564E1A180ABF006F9F9F /* Build configuration list for PBXNativeTarget "ElsaurusTests" */;
			buildPhases = (
				BBA0563D1A180ABF006F9F9F /* Sources */,
				BBA0563E1A180ABF006F9F9F /* Frameworks */,
				BBA0563F1A180ABF006F9F9F /* Resources */,
			);
			buildRules = (
			);
			dependencies = (
				BBA056431A180ABF006F9F9F /* PBXTargetDependency */,
			);
			name = ElsaurusTests;
			productName = ElsaurusTests;
			productReference = BBA056411A180ABF006F9F9F /* ElsaurusTests.xctest */;
			productType = "com.apple.product-type.bundle.unit-test";
		};
/* End PBXNativeTarget section */

/* Begin PBXProject section */
		BBA056241A180ABE006F9F9F /* Project object */ = {
			isa = PBXProject;
			attributes = {
				LastUpgradeCheck = 0610;
				ORGANIZATIONNAME = "Alex Hint";
				TargetAttributes = {
					BBA0562B1A180ABE006F9F9F = {
						CreatedOnToolsVersion = 6.1;
						DevelopmentTeam = LFM955AHXH;
					};
					BBA056401A180ABF006F9F9F = {
						CreatedOnToolsVersion = 6.1;
						TestTargetID = BBA0562B1A180ABE006F9F9F;
					};
				};
			};
			buildConfigurationList = BBA056271A180ABE006F9F9F /* Build configuration list for PBXProject "Elsaurus" */;
			compatibilityVersion = "Xcode 3.2";
			developmentRegion = English;
			hasScannedForEncodings = 0;
			knownRegions = (
				en,
				Base,
			);
			mainGroup = BBA056231A180ABE006F9F9F;
			productRefGroup = BBA0562D1A180ABE006F9F9F /* Products */;
			projectDirPath = "";
			projectRoot = "";
			targets = (
				BBA0562B1A180ABE006F9F9F /* Elsaurus */,
				BBA056401A180ABF006F9F9F /* ElsaurusTests */,
			);
		};
/* End PBXProject section */

/* Begin PBXResourcesBuildPhase section */
		BBA0562A1A180ABE006F9F9F /* Resources */ = {
			isa = PBXResourcesBuildPhase;
			buildActionMask = 2147483647;
			files = (
				BB20D9171A18539100E05DE5 /* ElBackground.png in Resources */,
				BBA056371A180ABE006F9F9F /* Main.storyboard in Resources */,
				BBA0563C1A180ABE006F9F9F /* LaunchScreen.xib in Resources */,
				BBA056391A180ABE006F9F9F /* Images.xcassets in Resources */,
			);
			runOnlyForDeploymentPostprocessing = 0;
		};
		BBA0563F1A180ABF006F9F9F /* Resources */ = {
			isa = PBXResourcesBuildPhase;
			buildActionMask = 2147483647;
			files = (
			);
			runOnlyForDeploymentPostprocessing = 0;
		};
/* End PBXResourcesBuildPhase section */

/* Begin PBXSourcesBuildPhase section */
		BBA056281A180ABE006F9F9F /* Sources */ = {
			isa = PBXSourcesBuildPhase;
			buildActionMask = 2147483647;
			files = (
				BBA056341A180ABE006F9F9F /* ViewController.swift in Sources */,
				BBA056321A180ABE006F9F9F /* AppDelegate.swift in Sources */,
			);
			runOnlyForDeploymentPostprocessing = 0;
		};
		BBA0563D1A180ABF006F9F9F /* Sources */ = {
			isa = PBXSourcesBuildPhase;
			buildActionMask = 2147483647;
			files = (
				BBA056481A180ABF006F9F9F /* ElsaurusTests.swift in Sources */,
			);
			runOnlyForDeploymentPostprocessing = 0;
		};
/* End PBXSourcesBuildPhase section */

/* Begin PBXTargetDependency section */
		BBA056431A180ABF006F9F9F /* PBXTargetDependency */ = {
			isa = PBXTargetDependency;
			target = BBA0562B1A180ABE006F9F9F /* Elsaurus */;
			targetProxy = BBA056421A180ABF006F9F9F /* PBXContainerItemProxy */;
		};
/* End PBXTargetDependency section */

/* Begin PBXVariantGroup section */
		BBA056351A180ABE006F9F9F /* Main.storyboard */ = {
			isa = PBXVariantGroup;
			children = (
				BBA056361A180ABE006F9F9F /* Base */,
			);
			name = Main.storyboard;
			sourceTree = "<group>";
		};
		BBA0563A1A180ABE006F9F9F /* LaunchScreen.xib */ = {
			isa = PBXVariantGroup;
			children = (
				BBA0563B1A180ABE006F9F9F /* Base */,
			);
			name = LaunchScreen.xib;
			sourceTree = "<group>";
		};
/* End PBXVariantGroup section */

/* Begin XCBuildConfiguration section */
		BBA056491A180ABF006F9F9F /* Debug */ = {
			isa = XCBuildConfiguration;
			buildSettings = {
				ALWAYS_SEARCH_USER_PATHS = NO;
				CLANG_CXX_LANGUAGE_STANDARD = "gnu++0x";
				CLANG_CXX_LIBRARY = "libc++";
				CLANG_ENABLE_MODULES = YES;
				CLANG_ENABLE_OBJC_ARC = YES;
				CLANG_WARN_BOOL_CONVERSION = YES;
				CLANG_WARN_CONSTANT_CONVERSION = YES;
				CLANG_WARN_DIRECT_OBJC_ISA_USAGE = YES_ERROR;
				CLANG_WARN_EMPTY_BODY = YES;
				CLANG_WARN_ENUM_CONVERSION = YES;
				CLANG_WARN_INT_CONVERSION = YES;
				CLANG_WARN_OBJC_ROOT_CLASS = YES_ERROR;
				CLANG_WARN_UNREACHABLE_CODE = YES;
				CLANG_WARN__DUPLICATE_METHOD_MATCH = YES;
				"CODE_SIGN_IDENTITY[sdk=iphoneos*]" = "iPhone Developer";
				COPY_PHASE_STRIP = NO;
				ENABLE_STRICT_OBJC_MSGSEND = YES;
				GCC_C_LANGUAGE_STANDARD = gnu99;
				GCC_DYNAMIC_NO_PIC = NO;
				GCC_OPTIMIZATION_LEVEL = 0;
				GCC_PREPROCESSOR_DEFINITIONS = (
					"DEBUG=1",
					"$(inherited)",
				);
				GCC_SYMBOLS_PRIVATE_EXTERN = NO;
				GCC_WARN_64_TO_32_BIT_CONVERSION = YES;
				GCC_WARN_ABOUT_RETURN_TYPE = YES_ERROR;
				GCC_WARN_UNDECLARED_SELECTOR = YES;
				GCC_WARN_UNINITIALIZED_AUTOS = YES_AGGRESSIVE;
				GCC_WARN_UNUSED_FUNCTION = YES;
				GCC_WARN_UNUSED_VARIABLE = YES;
				IPHONEOS_DEPLOYMENT_TARGET = 8.1;
				MTL_ENABLE_DEBUG_INFO = YES;
				ONLY_ACTIVE_ARCH = YES;
				SDKROOT = iphoneos;
				SWIFT_OPTIMIZATION_LEVEL = "-Onone";
			};
			name = Debug;
		};
		BBA0564A1A180ABF006F9F9F /* Release */ = {
			isa = XCBuildConfiguration;
			buildSettings = {
				ALWAYS_SEARCH_USER_PATHS = NO;
				CLANG_CXX_LANGUAGE_STANDARD = "gnu++0x";
				CLANG_CXX_LIBRARY = "libc++";
				CLANG_ENABLE_MODULES = YES;
				CLANG_ENABLE_OBJC_ARC = YES;
				CLANG_WARN_BOOL_CONVERSION = YES;
				CLANG_WARN_CONSTANT_CONVERSION = YES;
				CLANG_WARN_DIRECT_OBJC_ISA_USAGE = YES_ERROR;
				CLANG_WARN_EMPTY_BODY = YES;
				CLANG_WARN_ENUM_CONVERSION = YES;
				CLANG_WARN_INT_CONVERSION = YES;
				CLANG_WARN_OBJC_ROOT_CLASS = YES_ERROR;
				CLANG_WARN_UNREACHABLE_CODE = YES;
				CLANG_WARN__DUPLICATE_METHOD_MATCH = YES;
				"CODE_SIGN_IDENTITY[sdk=iphoneos*]" = "iPhone Developer";
				COPY_PHASE_STRIP = YES;
				ENABLE_NS_ASSERTIONS = NO;
				ENABLE_STRICT_OBJC_MSGSEND = YES;
				GCC_C_LANGUAGE_STANDARD = gnu99;
				GCC_WARN_64_TO_32_BIT_CONVERSION = YES;
				GCC_WARN_ABOUT_RETURN_TYPE = YES_ERROR;
				GCC_WARN_UNDECLARED_SELECTOR = YES;
				GCC_WARN_UNINITIALIZED_AUTOS = YES_AGGRESSIVE;
				GCC_WARN_UNUSED_FUNCTION = YES;
				GCC_WARN_UNUSED_VARIABLE = YES;
				IPHONEOS_DEPLOYMENT_TARGET = 8.1;
				MTL_ENABLE_DEBUG_INFO = NO;
				SDKROOT = iphoneos;
				VALIDATE_PRODUCT = YES;
			};
			name = Release;
		};
		BBA0564C1A180ABF006F9F9F /* Debug */ = {
			isa = XCBuildConfiguration;
			buildSettings = {
				ASSETCATALOG_COMPILER_APPICON_NAME = AppIcon;
				CODE_SIGN_IDENTITY = "iPhone Developer";
				INFOPLIST_FILE = Elsaurus/Info.plist;
				IPHONEOS_DEPLOYMENT_TARGET = 8.0;
				LD_RUNPATH_SEARCH_PATHS = "$(inherited) @executable_path/Frameworks";
				PRODUCT_NAME = "$(TARGET_NAME)";
				TARGETED_DEVICE_FAMILY = 1;
			};
			name = Debug;
		};
		BBA0564D1A180ABF006F9F9F /* Release */ = {
			isa = XCBuildConfiguration;
			buildSettings = {
				ASSETCATALOG_COMPILER_APPICON_NAME = AppIcon;
				CODE_SIGN_IDENTITY = "iPhone Developer";
				INFOPLIST_FILE = Elsaurus/Info.plist;
				IPHONEOS_DEPLOYMENT_TARGET = 8.0;
				LD_RUNPATH_SEARCH_PATHS = "$(inherited) @executable_path/Frameworks";
				PRODUCT_NAME = "$(TARGET_NAME)";
				TARGETED_DEVICE_FAMILY = 1;
			};
			name = Release;
		};
		BBA0564F1A180ABF006F9F9F /* Debug */ = {
			isa = XCBuildConfiguration;
			buildSettings = {
				BUNDLE_LOADER = "$(TEST_HOST)";
				FRAMEWORK_SEARCH_PATHS = (
					"$(SDKROOT)/Developer/Library/Frameworks",
					"$(inherited)",
				);
				GCC_PREPROCESSOR_DEFINITIONS = (
					"DEBUG=1",
					"$(inherited)",
				);
				INFOPLIST_FILE = ElsaurusTests/Info.plist;
				LD_RUNPATH_SEARCH_PATHS = "$(inherited) @executable_path/Frameworks @loader_path/Frameworks";
				PRODUCT_NAME = "$(TARGET_NAME)";
				TEST_HOST = "$(BUILT_PRODUCTS_DIR)/Elsaurus.app/Elsaurus";
			};
			name = Debug;
		};
		BBA056501A180ABF006F9F9F /* Release */ = {
			isa = XCBuildConfiguration;
			buildSettings = {
				BUNDLE_LOADER = "$(TEST_HOST)";
				FRAMEWORK_SEARCH_PATHS = (
					"$(SDKROOT)/Developer/Library/Frameworks",
					"$(inherited)",
				);
				INFOPLIST_FILE = ElsaurusTests/Info.plist;
				LD_RUNPATH_SEARCH_PATHS = "$(inherited) @executable_path/Frameworks @loader_path/Frameworks";
				PRODUCT_NAME = "$(TARGET_NAME)";
				TEST_HOST = "$(BUILT_PRODUCTS_DIR)/Elsaurus.app/Elsaurus";
			};
			name = Release;
		};
/* End XCBuildConfiguration section */

/* Begin XCConfigurationList section */
		BBA056271A180ABE006F9F9F /* Build configuration list for PBXProject "Elsaurus" */ = {
			isa = XCConfigurationList;
			buildConfigurations = (
				BBA056491A180ABF006F9F9F /* Debug */,
				BBA0564A1A180ABF006F9F9F /* Release */,
			);
			defaultConfigurationIsVisible = 0;
			defaultConfigurationName = Release;
		};
		BBA0564B1A180ABF006F9F9F /* Build configuration list for PBXNativeTarget "Elsaurus" */ = {
			isa = XCConfigurationList;
			buildConfigurations = (
				BBA0564C1A180ABF006F9F9F /* Debug */,
				BBA0564D1A180ABF006F9F9F /* Release */,
			);
			defaultConfigurationIsVisible = 0;
			defaultConfigurationName = Release;
		};
		BBA0564E1A180ABF006F9F9F /* Build configuration list for PBXNativeTarget "ElsaurusTests" */ = {
			isa = XCConfigurationList;
			buildConfigurations = (
				BBA0564F1A180ABF006F9F9F /* Debug */,
				BBA056501A180ABF006F9F9F /* Release */,
			);
			defaultConfigurationIsVisible = 0;
			defaultConfigurationName = Release;
		};
/* End XCConfigurationList section */
	};
	rootObject = BBA056241A180ABE006F9F9F /* Project object */;
}
